// !$*UTF8*$!
{
	archiveVersion = 1;
	classes = {
	};
	objectVersion = 50;
	objects = {

/* Begin PBXBuildFile section */
		68AA914D257254B800044A25 /* Binding+Extention.swift in Sources */ = {isa = PBXBuildFile; fileRef = 68AA914C257254B800044A25 /* Binding+Extention.swift */; };
		68AA91592576280200044A25 /* ListSharedProperties.swift in Sources */ = {isa = PBXBuildFile; fileRef = 68AA91582576280200044A25 /* ListSharedProperties.swift */; };
		68ADFF6F2596F18000E84789 /* TxtLocal.swift in Sources */ = {isa = PBXBuildFile; fileRef = 68ADFF6E2596F18000E84789 /* TxtLocal.swift */; };
		68BCD6C52565013200DDE889 /* Assets.xcassets in Resources */ = {isa = PBXBuildFile; fileRef = 68BCD6C42565013200DDE889 /* Assets.xcassets */; };
		68BCD6C82565013200DDE889 /* Preview Assets.xcassets in Resources */ = {isa = PBXBuildFile; fileRef = 68BCD6C72565013200DDE889 /* Preview Assets.xcassets */; };
		68BCD6D62565022D00DDE889 /* StoreKit.framework in Frameworks */ = {isa = PBXBuildFile; fileRef = 68BCD6D52565022D00DDE889 /* StoreKit.framework */; };
		68BCD6D92565024C00DDE889 /* CloudKit.framework in Frameworks */ = {isa = PBXBuildFile; fileRef = 68BCD6D82565024C00DDE889 /* CloudKit.framework */; };
		68BCD6E42565030800DDE889 /* IconModel.swift in Sources */ = {isa = PBXBuildFile; fileRef = 68BCD6E22565030800DDE889 /* IconModel.swift */; };
		68BCD6E52565030800DDE889 /* ColorModel.swift in Sources */ = {isa = PBXBuildFile; fileRef = 68BCD6E32565030800DDE889 /* ColorModel.swift */; };
		68BCD6EA2565032900DDE889 /* IconSetViewModel.swift in Sources */ = {isa = PBXBuildFile; fileRef = 68BCD6E82565032900DDE889 /* IconSetViewModel.swift */; };
		68BCD6EB2565032900DDE889 /* ColorSetViewModel.swift in Sources */ = {isa = PBXBuildFile; fileRef = 68BCD6E92565032900DDE889 /* ColorSetViewModel.swift */; };
		68BCD6FF2565036900DDE889 /* PurchaseView.swift in Sources */ = {isa = PBXBuildFile; fileRef = 68BCD6EE2565036900DDE889 /* PurchaseView.swift */; };
		68BCD7002565036900DDE889 /* SettingsView.swift in Sources */ = {isa = PBXBuildFile; fileRef = 68BCD6EF2565036900DDE889 /* SettingsView.swift */; };
		68BCD7022565036900DDE889 /* NewListView.swift in Sources */ = {isa = PBXBuildFile; fileRef = 68BCD6F22565036900DDE889 /* NewListView.swift */; };
		68BCD7032565036900DDE889 /* ListView.swift in Sources */ = {isa = PBXBuildFile; fileRef = 68BCD6F32565036900DDE889 /* ListView.swift */; };
		68BCD7042565036900DDE889 /* NewListItemView.swift in Sources */ = {isa = PBXBuildFile; fileRef = 68BCD6F42565036900DDE889 /* NewListItemView.swift */; };
		68BCD7052565036900DDE889 /* ListOfListsView.swift in Sources */ = {isa = PBXBuildFile; fileRef = 68BCD6F52565036900DDE889 /* ListOfListsView.swift */; };
		68BCD7062565036900DDE889 /* ListItemView.swift in Sources */ = {isa = PBXBuildFile; fileRef = 68BCD6F62565036900DDE889 /* ListItemView.swift */; };
		68BCD7072565036900DDE889 /* IconView.swift in Sources */ = {isa = PBXBuildFile; fileRef = 68BCD6F82565036900DDE889 /* IconView.swift */; };
		68BCD7082565036900DDE889 /* ColorView.swift in Sources */ = {isa = PBXBuildFile; fileRef = 68BCD6F92565036900DDE889 /* ColorView.swift */; };
		68BCD7092565036900DDE889 /* IconImageView.swift in Sources */ = {isa = PBXBuildFile; fileRef = 68BCD6FA2565036900DDE889 /* IconImageView.swift */; };
		68BCD70A2565036900DDE889 /* ActivityIndicatorView.swift in Sources */ = {isa = PBXBuildFile; fileRef = 68BCD6FB2565036900DDE889 /* ActivityIndicatorView.swift */; };
		68BCD70B2565036900DDE889 /* CloudSharingButton.swift in Sources */ = {isa = PBXBuildFile; fileRef = 68BCD6FC2565036900DDE889 /* CloudSharingButton.swift */; };
		68BCD70C2565036900DDE889 /* AppDelegate.swift in Sources */ = {isa = PBXBuildFile; fileRef = 68BCD6FD2565036900DDE889 /* AppDelegate.swift */; };
		68BCD70D2565036900DDE889 /* SceneDelegate.swift in Sources */ = {isa = PBXBuildFile; fileRef = 68BCD6FE2565036900DDE889 /* SceneDelegate.swift */; };
		68BCD71F256503A200DDE889 /* UDKeys.swift in Sources */ = {isa = PBXBuildFile; fileRef = 68BCD711256503A200DDE889 /* UDKeys.swift */; };
		68BCD720256503A200DDE889 /* IAPManager.swift in Sources */ = {isa = PBXBuildFile; fileRef = 68BCD713256503A200DDE889 /* IAPManager.swift */; };
		68BCD721256503A200DDE889 /* NotifManager.swift in Sources */ = {isa = PBXBuildFile; fileRef = 68BCD714256503A200DDE889 /* NotifManager.swift */; };
		68BCD722256503A200DDE889 /* CloudKitManager.swift in Sources */ = {isa = PBXBuildFile; fileRef = 68BCD715256503A200DDE889 /* CloudKitManager.swift */; };
		68BCD723256503A200DDE889 /* SettingButtonStyle.swift in Sources */ = {isa = PBXBuildFile; fileRef = 68BCD717256503A200DDE889 /* SettingButtonStyle.swift */; };
		68BCD724256503A200DDE889 /* SettingButtonModifire.swift in Sources */ = {isa = PBXBuildFile; fileRef = 68BCD718256503A200DDE889 /* SettingButtonModifire.swift */; };
		68BCD725256503A200DDE889 /* UserSettings.swift in Sources */ = {isa = PBXBuildFile; fileRef = 68BCD719256503A200DDE889 /* UserSettings.swift */; };
		68BCD726256503A200DDE889 /* UserAlert.swift in Sources */ = {isa = PBXBuildFile; fileRef = 68BCD71A256503A200DDE889 /* UserAlert.swift */; };
		68BCD728256503A200DDE889 /* UIColor+Extention.swift in Sources */ = {isa = PBXBuildFile; fileRef = 68BCD71D256503A200DDE889 /* UIColor+Extention.swift */; };
		68BCD729256503A200DDE889 /* EditMode+Extention.swift in Sources */ = {isa = PBXBuildFile; fileRef = 68BCD71E256503A200DDE889 /* EditMode+Extention.swift */; };
		68BCD731256503B100DDE889 /* ListCD+CoreDataClass.swift in Sources */ = {isa = PBXBuildFile; fileRef = 68BCD72C256503B100DDE889 /* ListCD+CoreDataClass.swift */; };
		68BCD732256503B100DDE889 /* ListItemCD+CoreDataClass.swift in Sources */ = {isa = PBXBuildFile; fileRef = 68BCD72D256503B100DDE889 /* ListItemCD+CoreDataClass.swift */; };
		68BCD733256503B100DDE889 /* ListCD+CoreDataProperties.swift in Sources */ = {isa = PBXBuildFile; fileRef = 68BCD72E256503B100DDE889 /* ListCD+CoreDataProperties.swift */; };
		68BCD734256503B100DDE889 /* ListItemCD+CoreDataProperties.swift in Sources */ = {isa = PBXBuildFile; fileRef = 68BCD72F256503B100DDE889 /* ListItemCD+CoreDataProperties.swift */; };
		68BCD735256503B100DDE889 /* CDStack.swift in Sources */ = {isa = PBXBuildFile; fileRef = 68BCD730256503B100DDE889 /* CDStack.swift */; };
		68BCD739256503BE00DDE889 /* Neslis.xcdatamodeld in Sources */ = {isa = PBXBuildFile; fileRef = 68BCD737256503BE00DDE889 /* Neslis.xcdatamodeld */; };
		68BCD74025650CC300DDE889 /* LaunchScreen.storyboard in Resources */ = {isa = PBXBuildFile; fileRef = 68BCD73F25650CC300DDE889 /* LaunchScreen.storyboard */; };
		68BCD791256ACBC800DDE889 /* ProgressData.swift in Sources */ = {isa = PBXBuildFile; fileRef = 68BCD790256ACBC800DDE889 /* ProgressData.swift */; };
		68DFB367259710A200671A7F /* Localizable.strings in Resources */ = {isa = PBXBuildFile; fileRef = 68DFB365259710A200671A7F /* Localizable.strings */; };
		68E3AE77257CBBB9001B4640 /* 111.swift in Sources */ = {isa = PBXBuildFile; fileRef = 68E3AE76257CBBB8001B4640 /* 111.swift */; };
		68EF1C7625983FBE005A9973 /* MailView.swift in Sources */ = {isa = PBXBuildFile; fileRef = 68EF1C7525983FBE005A9973 /* MailView.swift */; };
		68EF1C79259844DD005A9973 /* AppID.swift in Sources */ = {isa = PBXBuildFile; fileRef = 68EF1C78259844DD005A9973 /* AppID.swift */; };
		68EF1C7C25985640005A9973 /* ChevronView.swift in Sources */ = {isa = PBXBuildFile; fileRef = 68EF1C7B25985640005A9973 /* ChevronView.swift */; };
		68EF1C882598665C005A9973 /* ListOfListViewModel.swift in Sources */ = {isa = PBXBuildFile; fileRef = 68EF1C872598665C005A9973 /* ListOfListViewModel.swift */; };
/* End PBXBuildFile section */

/* Begin PBXFileReference section */
		687595E12593CB42006A2309 /* StoreConfiguration.storekit */ = {isa = PBXFileReference; lastKnownFileType = text; path = StoreConfiguration.storekit; sourceTree = "<group>"; };
		68AA914C257254B800044A25 /* Binding+Extention.swift */ = {isa = PBXFileReference; lastKnownFileType = sourcecode.swift; path = "Binding+Extention.swift"; sourceTree = "<group>"; };
		68AA91582576280200044A25 /* ListSharedProperties.swift */ = {isa = PBXFileReference; lastKnownFileType = sourcecode.swift; path = ListSharedProperties.swift; sourceTree = "<group>"; };
		68ADFF6E2596F18000E84789 /* TxtLocal.swift */ = {isa = PBXFileReference; lastKnownFileType = sourcecode.swift; path = TxtLocal.swift; sourceTree = "<group>"; };
		68BCD6B82565013000DDE889 /* Neslis.app */ = {isa = PBXFileReference; explicitFileType = wrapper.application; includeInIndex = 0; path = Neslis.app; sourceTree = BUILT_PRODUCTS_DIR; };
		68BCD6C42565013200DDE889 /* Assets.xcassets */ = {isa = PBXFileReference; lastKnownFileType = folder.assetcatalog; path = Assets.xcassets; sourceTree = "<group>"; };
		68BCD6C72565013200DDE889 /* Preview Assets.xcassets */ = {isa = PBXFileReference; lastKnownFileType = folder.assetcatalog; path = "Preview Assets.xcassets"; sourceTree = "<group>"; };
		68BCD6CC2565013200DDE889 /* Info.plist */ = {isa = PBXFileReference; lastKnownFileType = text.plist.xml; path = Info.plist; sourceTree = "<group>"; };
		68BCD6D52565022D00DDE889 /* StoreKit.framework */ = {isa = PBXFileReference; lastKnownFileType = wrapper.framework; name = StoreKit.framework; path = System/Library/Frameworks/StoreKit.framework; sourceTree = SDKROOT; };
		68BCD6D72565024000DDE889 /* Neslis.entitlements */ = {isa = PBXFileReference; lastKnownFileType = text.plist.entitlements; path = Neslis.entitlements; sourceTree = "<group>"; };
		68BCD6D82565024C00DDE889 /* CloudKit.framework */ = {isa = PBXFileReference; lastKnownFileType = wrapper.framework; name = CloudKit.framework; path = System/Library/Frameworks/CloudKit.framework; sourceTree = SDKROOT; };
		68BCD6E22565030800DDE889 /* IconModel.swift */ = {isa = PBXFileReference; fileEncoding = 4; lastKnownFileType = sourcecode.swift; path = IconModel.swift; sourceTree = "<group>"; };
		68BCD6E32565030800DDE889 /* ColorModel.swift */ = {isa = PBXFileReference; fileEncoding = 4; lastKnownFileType = sourcecode.swift; path = ColorModel.swift; sourceTree = "<group>"; };
		68BCD6E82565032900DDE889 /* IconSetViewModel.swift */ = {isa = PBXFileReference; fileEncoding = 4; lastKnownFileType = sourcecode.swift; path = IconSetViewModel.swift; sourceTree = "<group>"; };
		68BCD6E92565032900DDE889 /* ColorSetViewModel.swift */ = {isa = PBXFileReference; fileEncoding = 4; lastKnownFileType = sourcecode.swift; path = ColorSetViewModel.swift; sourceTree = "<group>"; };
		68BCD6EE2565036900DDE889 /* PurchaseView.swift */ = {isa = PBXFileReference; fileEncoding = 4; lastKnownFileType = sourcecode.swift; path = PurchaseView.swift; sourceTree = "<group>"; };
		68BCD6EF2565036900DDE889 /* SettingsView.swift */ = {isa = PBXFileReference; fileEncoding = 4; lastKnownFileType = sourcecode.swift; path = SettingsView.swift; sourceTree = "<group>"; };
		68BCD6F22565036900DDE889 /* NewListView.swift */ = {isa = PBXFileReference; fileEncoding = 4; lastKnownFileType = sourcecode.swift; path = NewListView.swift; sourceTree = "<group>"; };
		68BCD6F32565036900DDE889 /* ListView.swift */ = {isa = PBXFileReference; fileEncoding = 4; lastKnownFileType = sourcecode.swift; path = ListView.swift; sourceTree = "<group>"; };
		68BCD6F42565036900DDE889 /* NewListItemView.swift */ = {isa = PBXFileReference; fileEncoding = 4; lastKnownFileType = sourcecode.swift; path = NewListItemView.swift; sourceTree = "<group>"; };
		68BCD6F52565036900DDE889 /* ListOfListsView.swift */ = {isa = PBXFileReference; fileEncoding = 4; lastKnownFileType = sourcecode.swift; path = ListOfListsView.swift; sourceTree = "<group>"; };
		68BCD6F62565036900DDE889 /* ListItemView.swift */ = {isa = PBXFileReference; fileEncoding = 4; lastKnownFileType = sourcecode.swift; path = ListItemView.swift; sourceTree = "<group>"; };
		68BCD6F82565036900DDE889 /* IconView.swift */ = {isa = PBXFileReference; fileEncoding = 4; lastKnownFileType = sourcecode.swift; path = IconView.swift; sourceTree = "<group>"; };
		68BCD6F92565036900DDE889 /* ColorView.swift */ = {isa = PBXFileReference; fileEncoding = 4; lastKnownFileType = sourcecode.swift; path = ColorView.swift; sourceTree = "<group>"; };
		68BCD6FA2565036900DDE889 /* IconImageView.swift */ = {isa = PBXFileReference; fileEncoding = 4; lastKnownFileType = sourcecode.swift; path = IconImageView.swift; sourceTree = "<group>"; };
		68BCD6FB2565036900DDE889 /* ActivityIndicatorView.swift */ = {isa = PBXFileReference; fileEncoding = 4; lastKnownFileType = sourcecode.swift; path = ActivityIndicatorView.swift; sourceTree = "<group>"; };
		68BCD6FC2565036900DDE889 /* CloudSharingButton.swift */ = {isa = PBXFileReference; fileEncoding = 4; lastKnownFileType = sourcecode.swift; path = CloudSharingButton.swift; sourceTree = "<group>"; };
		68BCD6FD2565036900DDE889 /* AppDelegate.swift */ = {isa = PBXFileReference; fileEncoding = 4; lastKnownFileType = sourcecode.swift; path = AppDelegate.swift; sourceTree = "<group>"; };
		68BCD6FE2565036900DDE889 /* SceneDelegate.swift */ = {isa = PBXFileReference; fileEncoding = 4; lastKnownFileType = sourcecode.swift; path = SceneDelegate.swift; sourceTree = "<group>"; };
		68BCD711256503A200DDE889 /* UDKeys.swift */ = {isa = PBXFileReference; fileEncoding = 4; lastKnownFileType = sourcecode.swift; path = UDKeys.swift; sourceTree = "<group>"; };
		68BCD713256503A200DDE889 /* IAPManager.swift */ = {isa = PBXFileReference; fileEncoding = 4; lastKnownFileType = sourcecode.swift; path = IAPManager.swift; sourceTree = "<group>"; };
		68BCD714256503A200DDE889 /* NotifManager.swift */ = {isa = PBXFileReference; fileEncoding = 4; lastKnownFileType = sourcecode.swift; path = NotifManager.swift; sourceTree = "<group>"; };
		68BCD715256503A200DDE889 /* CloudKitManager.swift */ = {isa = PBXFileReference; fileEncoding = 4; lastKnownFileType = sourcecode.swift; path = CloudKitManager.swift; sourceTree = "<group>"; };
		68BCD717256503A200DDE889 /* SettingButtonStyle.swift */ = {isa = PBXFileReference; fileEncoding = 4; lastKnownFileType = sourcecode.swift; path = SettingButtonStyle.swift; sourceTree = "<group>"; };
		68BCD718256503A200DDE889 /* SettingButtonModifire.swift */ = {isa = PBXFileReference; fileEncoding = 4; lastKnownFileType = sourcecode.swift; path = SettingButtonModifire.swift; sourceTree = "<group>"; };
		68BCD719256503A200DDE889 /* UserSettings.swift */ = {isa = PBXFileReference; fileEncoding = 4; lastKnownFileType = sourcecode.swift; path = UserSettings.swift; sourceTree = "<group>"; };
		68BCD71A256503A200DDE889 /* UserAlert.swift */ = {isa = PBXFileReference; fileEncoding = 4; lastKnownFileType = sourcecode.swift; path = UserAlert.swift; sourceTree = "<group>"; };
		68BCD71D256503A200DDE889 /* UIColor+Extention.swift */ = {isa = PBXFileReference; fileEncoding = 4; lastKnownFileType = sourcecode.swift; path = "UIColor+Extention.swift"; sourceTree = "<group>"; };
		68BCD71E256503A200DDE889 /* EditMode+Extention.swift */ = {isa = PBXFileReference; fileEncoding = 4; lastKnownFileType = sourcecode.swift; path = "EditMode+Extention.swift"; sourceTree = "<group>"; };
		68BCD72C256503B100DDE889 /* ListCD+CoreDataClass.swift */ = {isa = PBXFileReference; fileEncoding = 4; lastKnownFileType = sourcecode.swift; path = "ListCD+CoreDataClass.swift"; sourceTree = "<group>"; };
		68BCD72D256503B100DDE889 /* ListItemCD+CoreDataClass.swift */ = {isa = PBXFileReference; fileEncoding = 4; lastKnownFileType = sourcecode.swift; path = "ListItemCD+CoreDataClass.swift"; sourceTree = "<group>"; };
		68BCD72E256503B100DDE889 /* ListCD+CoreDataProperties.swift */ = {isa = PBXFileReference; fileEncoding = 4; lastKnownFileType = sourcecode.swift; path = "ListCD+CoreDataProperties.swift"; sourceTree = "<group>"; };
		68BCD72F256503B100DDE889 /* ListItemCD+CoreDataProperties.swift */ = {isa = PBXFileReference; fileEncoding = 4; lastKnownFileType = sourcecode.swift; path = "ListItemCD+CoreDataProperties.swift"; sourceTree = "<group>"; };
		68BCD730256503B100DDE889 /* CDStack.swift */ = {isa = PBXFileReference; fileEncoding = 4; lastKnownFileType = sourcecode.swift; path = CDStack.swift; sourceTree = "<group>"; };
		68BCD738256503BE00DDE889 /* Neslis.xcdatamodel */ = {isa = PBXFileReference; lastKnownFileType = wrapper.xcdatamodel; path = Neslis.xcdatamodel; sourceTree = "<group>"; };
		68BCD73F25650CC300DDE889 /* LaunchScreen.storyboard */ = {isa = PBXFileReference; fileEncoding = 4; lastKnownFileType = file.storyboard; path = LaunchScreen.storyboard; sourceTree = "<group>"; };
		68BCD790256ACBC800DDE889 /* ProgressData.swift */ = {isa = PBXFileReference; lastKnownFileType = sourcecode.swift; path = ProgressData.swift; sourceTree = "<group>"; };
		68DFB366259710A200671A7F /* ru */ = {isa = PBXFileReference; lastKnownFileType = text.plist.strings; name = ru; path = ru.lproj/Localizable.strings; sourceTree = "<group>"; };
		68E3AE76257CBBB8001B4640 /* 111.swift */ = {isa = PBXFileReference; lastKnownFileType = sourcecode.swift; path = 111.swift; sourceTree = "<group>"; };
		68EF1C6C25975397005A9973 /* en */ = {isa = PBXFileReference; lastKnownFileType = text.plist.strings; name = en; path = en.lproj/Localizable.strings; sourceTree = "<group>"; };
		68EF1C712597585C005A9973 /* pt-PT */ = {isa = PBXFileReference; lastKnownFileType = text.plist.strings; name = "pt-PT"; path = "pt-PT.lproj/Localizable.strings"; sourceTree = "<group>"; };
		68EF1C7525983FBE005A9973 /* MailView.swift */ = {isa = PBXFileReference; lastKnownFileType = sourcecode.swift; path = MailView.swift; sourceTree = "<group>"; };
		68EF1C78259844DD005A9973 /* AppID.swift */ = {isa = PBXFileReference; lastKnownFileType = sourcecode.swift; path = AppID.swift; sourceTree = "<group>"; };
		68EF1C7B25985640005A9973 /* ChevronView.swift */ = {isa = PBXFileReference; lastKnownFileType = sourcecode.swift; path = ChevronView.swift; sourceTree = "<group>"; };
		68EF1C7E25985EFD005A9973 /* zh-Hans */ = {isa = PBXFileReference; lastKnownFileType = text.plist.strings; name = "zh-Hans"; path = "zh-Hans.lproj/Localizable.strings"; sourceTree = "<group>"; };
		68EF1C7F25985F02005A9973 /* fr */ = {isa = PBXFileReference; lastKnownFileType = text.plist.strings; name = fr; path = fr.lproj/Localizable.strings; sourceTree = "<group>"; };
		68EF1C8025985F0D005A9973 /* ja */ = {isa = PBXFileReference; lastKnownFileType = text.plist.strings; name = ja; path = ja.lproj/Localizable.strings; sourceTree = "<group>"; };
		68EF1C8125985F11005A9973 /* de */ = {isa = PBXFileReference; lastKnownFileType = text.plist.strings; name = de; path = de.lproj/Localizable.strings; sourceTree = "<group>"; };
		68EF1C8225985F15005A9973 /* it */ = {isa = PBXFileReference; lastKnownFileType = text.plist.strings; name = it; path = it.lproj/Localizable.strings; sourceTree = "<group>"; };
		68EF1C872598665C005A9973 /* ListOfListViewModel.swift */ = {isa = PBXFileReference; lastKnownFileType = sourcecode.swift; path = ListOfListViewModel.swift; sourceTree = "<group>"; };
		68EF1C8F259D0FFE005A9973 /* es */ = {isa = PBXFileReference; lastKnownFileType = text.plist.strings; name = es; path = es.lproj/Localizable.strings; sourceTree = "<group>"; };
		68EF1CA725A06A85005A9973 /* sk */ = {isa = PBXFileReference; lastKnownFileType = text.plist.strings; name = sk; path = sk.lproj/Localizable.strings; sourceTree = "<group>"; };
		68EF1CA825A06A8C005A9973 /* cs */ = {isa = PBXFileReference; lastKnownFileType = text.plist.strings; name = cs; path = cs.lproj/Localizable.strings; sourceTree = "<group>"; };
		68EF1CA925A06A92005A9973 /* hr */ = {isa = PBXFileReference; lastKnownFileType = text.plist.strings; name = hr; path = hr.lproj/Localizable.strings; sourceTree = "<group>"; };
/* End PBXFileReference section */

/* Begin PBXFrameworksBuildPhase section */
		68BCD6B52565013000DDE889 /* Frameworks */ = {
			isa = PBXFrameworksBuildPhase;
			buildActionMask = 2147483647;
			files = (
				68BCD6D62565022D00DDE889 /* StoreKit.framework in Frameworks */,
				68BCD6D92565024C00DDE889 /* CloudKit.framework in Frameworks */,
			);
			runOnlyForDeploymentPostprocessing = 0;
		};
/* End PBXFrameworksBuildPhase section */

/* Begin PBXGroup section */
		68BCD6AF2565013000DDE889 = {
			isa = PBXGroup;
			children = (
				687595E12593CB42006A2309 /* StoreConfiguration.storekit */,
				68BCD6BA2565013000DDE889 /* Neslis */,
				68BCD6B92565013000DDE889 /* Products */,
				68BCD6D42565022D00DDE889 /* Frameworks */,
			);
			sourceTree = "<group>";
		};
		68BCD6B92565013000DDE889 /* Products */ = {
			isa = PBXGroup;
			children = (
				68BCD6B82565013000DDE889 /* Neslis.app */,
			);
			name = Products;
			sourceTree = "<group>";
		};
		68BCD6BA2565013000DDE889 /* Neslis */ = {
			isa = PBXGroup;
			children = (
				68BCD6D72565024000DDE889 /* Neslis.entitlements */,
				68BCD6E12565030800DDE889 /* Model */,
				68BCD6E72565032900DDE889 /* ViewModel */,
				68BCD6ED2565036900DDE889 /* View */,
				68BCD710256503A200DDE889 /* SupportFiles */,
				68BCD72B256503B100DDE889 /* CoreData */,
				68BCD6C42565013200DDE889 /* Assets.xcassets */,
				68BCD73F25650CC300DDE889 /* LaunchScreen.storyboard */,
				68BCD6CC2565013200DDE889 /* Info.plist */,
				68DFB365259710A200671A7F /* Localizable.strings */,
				68BCD737256503BE00DDE889 /* Neslis.xcdatamodeld */,
				68BCD6C62565013200DDE889 /* Preview Content */,
			);
			path = Neslis;
			sourceTree = "<group>";
		};
		68BCD6C62565013200DDE889 /* Preview Content */ = {
			isa = PBXGroup;
			children = (
				68BCD6C72565013200DDE889 /* Preview Assets.xcassets */,
			);
			path = "Preview Content";
			sourceTree = "<group>";
		};
		68BCD6D42565022D00DDE889 /* Frameworks */ = {
			isa = PBXGroup;
			children = (
				68BCD6D82565024C00DDE889 /* CloudKit.framework */,
				68BCD6D52565022D00DDE889 /* StoreKit.framework */,
			);
			name = Frameworks;
			sourceTree = "<group>";
		};
		68BCD6E12565030800DDE889 /* Model */ = {
			isa = PBXGroup;
			children = (
				68BCD6E22565030800DDE889 /* IconModel.swift */,
				68BCD6E32565030800DDE889 /* ColorModel.swift */,
			);
			path = Model;
			sourceTree = "<group>";
		};
		68BCD6E72565032900DDE889 /* ViewModel */ = {
			isa = PBXGroup;
			children = (
				68BCD6E82565032900DDE889 /* IconSetViewModel.swift */,
				68BCD6E92565032900DDE889 /* ColorSetViewModel.swift */,
				68EF1C872598665C005A9973 /* ListOfListViewModel.swift */,
			);
			path = ViewModel;
			sourceTree = "<group>";
		};
		68BCD6ED2565036900DDE889 /* View */ = {
			isa = PBXGroup;
			children = (
				68BCD6F52565036900DDE889 /* ListOfListsView.swift */,
				68BCD6EF2565036900DDE889 /* SettingsView.swift */,
				68BCD6EE2565036900DDE889 /* PurchaseView.swift */,
				68BCD6F12565036900DDE889 /* ListView */,
				68BCD6F72565036900DDE889 /* SupportedView */,
			);
			path = View;
			sourceTree = "<group>";
		};
		68BCD6F12565036900DDE889 /* ListView */ = {
			isa = PBXGroup;
			children = (
				68BCD6F32565036900DDE889 /* ListView.swift */,
				68BCD6F62565036900DDE889 /* ListItemView.swift */,
				68BCD6F22565036900DDE889 /* NewListView.swift */,
				68BCD6F42565036900DDE889 /* NewListItemView.swift */,
			);
			path = ListView;
			sourceTree = "<group>";
		};
		68BCD6F72565036900DDE889 /* SupportedView */ = {
			isa = PBXGroup;
			children = (
				68BCD6F82565036900DDE889 /* IconView.swift */,
				68BCD6F92565036900DDE889 /* ColorView.swift */,
				68BCD6FA2565036900DDE889 /* IconImageView.swift */,
				68BCD6FB2565036900DDE889 /* ActivityIndicatorView.swift */,
				68BCD6FC2565036900DDE889 /* CloudSharingButton.swift */,
				68EF1C7525983FBE005A9973 /* MailView.swift */,
				68EF1C7B25985640005A9973 /* ChevronView.swift */,
			);
			path = SupportedView;
			sourceTree = "<group>";
		};
		68BCD710256503A200DDE889 /* SupportFiles */ = {
			isa = PBXGroup;
			children = (
				68BCD712256503A200DDE889 /* Managers */,
				68BCD716256503A200DDE889 /* ButtonsStyle */,
				68BCD71C256503A200DDE889 /* Extentions */,
				68BCD6FD2565036900DDE889 /* AppDelegate.swift */,
				68BCD6FE2565036900DDE889 /* SceneDelegate.swift */,
				68EF1C78259844DD005A9973 /* AppID.swift */,
				68BCD711256503A200DDE889 /* UDKeys.swift */,
				68BCD719256503A200DDE889 /* UserSettings.swift */,
				68BCD71A256503A200DDE889 /* UserAlert.swift */,
				68BCD790256ACBC800DDE889 /* ProgressData.swift */,
				68ADFF6E2596F18000E84789 /* TxtLocal.swift */,
			);
			path = SupportFiles;
			sourceTree = "<group>";
		};
		68BCD712256503A200DDE889 /* Managers */ = {
			isa = PBXGroup;
			children = (
				68BCD713256503A200DDE889 /* IAPManager.swift */,
				68BCD714256503A200DDE889 /* NotifManager.swift */,
				68BCD715256503A200DDE889 /* CloudKitManager.swift */,
			);
			path = Managers;
			sourceTree = "<group>";
		};
		68BCD716256503A200DDE889 /* ButtonsStyle */ = {
			isa = PBXGroup;
			children = (
				68BCD717256503A200DDE889 /* SettingButtonStyle.swift */,
				68BCD718256503A200DDE889 /* SettingButtonModifire.swift */,
			);
			path = ButtonsStyle;
			sourceTree = "<group>";
		};
		68BCD71C256503A200DDE889 /* Extentions */ = {
			isa = PBXGroup;
			children = (
				68BCD71D256503A200DDE889 /* UIColor+Extention.swift */,
				68BCD71E256503A200DDE889 /* EditMode+Extention.swift */,
				68AA914C257254B800044A25 /* Binding+Extention.swift */,
				68E3AE76257CBBB8001B4640 /* 111.swift */,
			);
			path = Extentions;
			sourceTree = "<group>";
		};
		68BCD72B256503B100DDE889 /* CoreData */ = {
			isa = PBXGroup;
			children = (
				68BCD72C256503B100DDE889 /* ListCD+CoreDataClass.swift */,
				68BCD72E256503B100DDE889 /* ListCD+CoreDataProperties.swift */,
				68BCD72D256503B100DDE889 /* ListItemCD+CoreDataClass.swift */,
				68BCD72F256503B100DDE889 /* ListItemCD+CoreDataProperties.swift */,
				68AA91582576280200044A25 /* ListSharedProperties.swift */,
				68BCD730256503B100DDE889 /* CDStack.swift */,
			);
			path = CoreData;
			sourceTree = "<group>";
		};
/* End PBXGroup section */

/* Begin PBXNativeTarget section */
		68BCD6B72565013000DDE889 /* Neslis */ = {
			isa = PBXNativeTarget;
			buildConfigurationList = 68BCD6CF2565013200DDE889 /* Build configuration list for PBXNativeTarget "Neslis" */;
			buildPhases = (
				68BCD6B42565013000DDE889 /* Sources */,
				68BCD6B52565013000DDE889 /* Frameworks */,
				68BCD6B62565013000DDE889 /* Resources */,
			);
			buildRules = (
			);
			dependencies = (
			);
			name = Neslis;
			productName = Neslis;
			productReference = 68BCD6B82565013000DDE889 /* Neslis.app */;
			productType = "com.apple.product-type.application";
		};
/* End PBXNativeTarget section */

/* Begin PBXProject section */
		68BCD6B02565013000DDE889 /* Project object */ = {
			isa = PBXProject;
			attributes = {
				LastSwiftUpdateCheck = 1220;
				LastUpgradeCheck = 1230;
				TargetAttributes = {
					68BCD6B72565013000DDE889 = {
						CreatedOnToolsVersion = 12.2;
					};
				};
			};
			buildConfigurationList = 68BCD6B32565013000DDE889 /* Build configuration list for PBXProject "Neslis" */;
			compatibilityVersion = "Xcode 9.3";
			developmentRegion = en;
			hasScannedForEncodings = 0;
			knownRegions = (
				en,
				ru,
				"pt-PT",
				"zh-Hans",
				fr,
				ja,
				de,
				it,
				es,
				sk,
				cs,
				hr,
			);
			mainGroup = 68BCD6AF2565013000DDE889;
			productRefGroup = 68BCD6B92565013000DDE889 /* Products */;
			projectDirPath = "";
			projectRoot = "";
			targets = (
				68BCD6B72565013000DDE889 /* Neslis */,
			);
		};
/* End PBXProject section */

/* Begin PBXResourcesBuildPhase section */
		68BCD6B62565013000DDE889 /* Resources */ = {
			isa = PBXResourcesBuildPhase;
			buildActionMask = 2147483647;
			files = (
				68BCD74025650CC300DDE889 /* LaunchScreen.storyboard in Resources */,
				68DFB367259710A200671A7F /* Localizable.strings in Resources */,
				68BCD6C82565013200DDE889 /* Preview Assets.xcassets in Resources */,
				68BCD6C52565013200DDE889 /* Assets.xcassets in Resources */,
			);
			runOnlyForDeploymentPostprocessing = 0;
		};
/* End PBXResourcesBuildPhase section */

/* Begin PBXSourcesBuildPhase section */
		68BCD6B42565013000DDE889 /* Sources */ = {
			isa = PBXSourcesBuildPhase;
			buildActionMask = 2147483647;
			files = (
				68BCD7062565036900DDE889 /* ListItemView.swift in Sources */,
				68BCD6E42565030800DDE889 /* IconModel.swift in Sources */,
				68BCD722256503A200DDE889 /* CloudKitManager.swift in Sources */,
				68E3AE77257CBBB9001B4640 /* 111.swift in Sources */,
				68BCD720256503A200DDE889 /* IAPManager.swift in Sources */,
				68ADFF6F2596F18000E84789 /* TxtLocal.swift in Sources */,
				68BCD723256503A200DDE889 /* SettingButtonStyle.swift in Sources */,
				68BCD7052565036900DDE889 /* ListOfListsView.swift in Sources */,
				68BCD71F256503A200DDE889 /* UDKeys.swift in Sources */,
				68BCD735256503B100DDE889 /* CDStack.swift in Sources */,
				68BCD7002565036900DDE889 /* SettingsView.swift in Sources */,
				68BCD721256503A200DDE889 /* NotifManager.swift in Sources */,
				68BCD70D2565036900DDE889 /* SceneDelegate.swift in Sources */,
				68BCD728256503A200DDE889 /* UIColor+Extention.swift in Sources */,
				68BCD7082565036900DDE889 /* ColorView.swift in Sources */,
				68BCD725256503A200DDE889 /* UserSettings.swift in Sources */,
				68EF1C7C25985640005A9973 /* ChevronView.swift in Sources */,
				68BCD6FF2565036900DDE889 /* PurchaseView.swift in Sources */,
				68BCD6EB2565032900DDE889 /* ColorSetViewModel.swift in Sources */,
				68BCD7042565036900DDE889 /* NewListItemView.swift in Sources */,
				68BCD726256503A200DDE889 /* UserAlert.swift in Sources */,
				68BCD70A2565036900DDE889 /* ActivityIndicatorView.swift in Sources */,
				68BCD734256503B100DDE889 /* ListItemCD+CoreDataProperties.swift in Sources */,
				68BCD7032565036900DDE889 /* ListView.swift in Sources */,
				68BCD70B2565036900DDE889 /* CloudSharingButton.swift in Sources */,
				68AA914D257254B800044A25 /* Binding+Extention.swift in Sources */,
				68EF1C79259844DD005A9973 /* AppID.swift in Sources */,
				68BCD729256503A200DDE889 /* EditMode+Extention.swift in Sources */,
				68BCD6EA2565032900DDE889 /* IconSetViewModel.swift in Sources */,
				68BCD7072565036900DDE889 /* IconView.swift in Sources */,
				68BCD6E52565030800DDE889 /* ColorModel.swift in Sources */,
				68BCD739256503BE00DDE889 /* Neslis.xcdatamodeld in Sources */,
				68AA91592576280200044A25 /* ListSharedProperties.swift in Sources */,
				68BCD791256ACBC800DDE889 /* ProgressData.swift in Sources */,
				68BCD732256503B100DDE889 /* ListItemCD+CoreDataClass.swift in Sources */,
				68BCD70C2565036900DDE889 /* AppDelegate.swift in Sources */,
				68BCD731256503B100DDE889 /* ListCD+CoreDataClass.swift in Sources */,
				68BCD733256503B100DDE889 /* ListCD+CoreDataProperties.swift in Sources */,
				68BCD724256503A200DDE889 /* SettingButtonModifire.swift in Sources */,
				68EF1C882598665C005A9973 /* ListOfListViewModel.swift in Sources */,
				68BCD7022565036900DDE889 /* NewListView.swift in Sources */,
				68BCD7092565036900DDE889 /* IconImageView.swift in Sources */,
				68EF1C7625983FBE005A9973 /* MailView.swift in Sources */,
			);
			runOnlyForDeploymentPostprocessing = 0;
		};
/* End PBXSourcesBuildPhase section */

/* Begin PBXVariantGroup section */
		68DFB365259710A200671A7F /* Localizable.strings */ = {
			isa = PBXVariantGroup;
			children = (
				68DFB366259710A200671A7F /* ru */,
				68EF1C6C25975397005A9973 /* en */,
				68EF1C712597585C005A9973 /* pt-PT */,
				68EF1C7E25985EFD005A9973 /* zh-Hans */,
				68EF1C7F25985F02005A9973 /* fr */,
				68EF1C8025985F0D005A9973 /* ja */,
				68EF1C8125985F11005A9973 /* de */,
				68EF1C8225985F15005A9973 /* it */,
				68EF1C8F259D0FFE005A9973 /* es */,
				68EF1CA725A06A85005A9973 /* sk */,
				68EF1CA825A06A8C005A9973 /* cs */,
				68EF1CA925A06A92005A9973 /* hr */,
			);
			name = Localizable.strings;
			sourceTree = "<group>";
		};
/* End PBXVariantGroup section */

/* Begin XCBuildConfiguration section */
		68BCD6CD2565013200DDE889 /* Debug */ = {
			isa = XCBuildConfiguration;
			buildSettings = {
				ALWAYS_SEARCH_USER_PATHS = NO;
				CLANG_ANALYZER_LOCALIZABILITY_NONLOCALIZED = YES;
				CLANG_ANALYZER_NONNULL = YES;
				CLANG_ANALYZER_NUMBER_OBJECT_CONVERSION = YES_AGGRESSIVE;
				CLANG_CXX_LANGUAGE_STANDARD = "gnu++14";
				CLANG_CXX_LIBRARY = "libc++";
				CLANG_ENABLE_MODULES = YES;
				CLANG_ENABLE_OBJC_ARC = YES;
				CLANG_ENABLE_OBJC_WEAK = YES;
				CLANG_WARN_BLOCK_CAPTURE_AUTORELEASING = YES;
				CLANG_WARN_BOOL_CONVERSION = YES;
				CLANG_WARN_COMMA = YES;
				CLANG_WARN_CONSTANT_CONVERSION = YES;
				CLANG_WARN_DEPRECATED_OBJC_IMPLEMENTATIONS = YES;
				CLANG_WARN_DIRECT_OBJC_ISA_USAGE = YES_ERROR;
				CLANG_WARN_DOCUMENTATION_COMMENTS = YES;
				CLANG_WARN_EMPTY_BODY = YES;
				CLANG_WARN_ENUM_CONVERSION = YES;
				CLANG_WARN_INFINITE_RECURSION = YES;
				CLANG_WARN_INT_CONVERSION = YES;
				CLANG_WARN_NON_LITERAL_NULL_CONVERSION = YES;
				CLANG_WARN_OBJC_IMPLICIT_RETAIN_SELF = YES;
				CLANG_WARN_OBJC_LITERAL_CONVERSION = YES;
				CLANG_WARN_OBJC_ROOT_CLASS = YES_ERROR;
				CLANG_WARN_QUOTED_INCLUDE_IN_FRAMEWORK_HEADER = YES;
				CLANG_WARN_RANGE_LOOP_ANALYSIS = YES;
				CLANG_WARN_STRICT_PROTOTYPES = YES;
				CLANG_WARN_SUSPICIOUS_MOVE = YES;
				CLANG_WARN_UNGUARDED_AVAILABILITY = YES_AGGRESSIVE;
				CLANG_WARN_UNREACHABLE_CODE = YES;
				CLANG_WARN__DUPLICATE_METHOD_MATCH = YES;
				COPY_PHASE_STRIP = NO;
				DEBUG_INFORMATION_FORMAT = dwarf;
				ENABLE_STRICT_OBJC_MSGSEND = YES;
				ENABLE_TESTABILITY = YES;
				GCC_C_LANGUAGE_STANDARD = gnu11;
				GCC_DYNAMIC_NO_PIC = NO;
				GCC_NO_COMMON_BLOCKS = YES;
				GCC_OPTIMIZATION_LEVEL = 0;
				GCC_PREPROCESSOR_DEFINITIONS = (
					"DEBUG=1",
					"$(inherited)",
				);
				GCC_WARN_64_TO_32_BIT_CONVERSION = YES;
				GCC_WARN_ABOUT_RETURN_TYPE = YES_ERROR;
				GCC_WARN_UNDECLARED_SELECTOR = YES;
				GCC_WARN_UNINITIALIZED_AUTOS = YES_AGGRESSIVE;
				GCC_WARN_UNUSED_FUNCTION = YES;
				GCC_WARN_UNUSED_VARIABLE = YES;
				IPHONEOS_DEPLOYMENT_TARGET = 14.0;
				MTL_ENABLE_DEBUG_INFO = INCLUDE_SOURCE;
				MTL_FAST_MATH = YES;
				ONLY_ACTIVE_ARCH = YES;
				SDKROOT = iphoneos;
				SWIFT_ACTIVE_COMPILATION_CONDITIONS = DEBUG;
				SWIFT_OPTIMIZATION_LEVEL = "-Onone";
				TARGETED_DEVICE_FAMILY = "1,2";
			};
			name = Debug;
		};
		68BCD6CE2565013200DDE889 /* Release */ = {
			isa = XCBuildConfiguration;
			buildSettings = {
				ALWAYS_SEARCH_USER_PATHS = NO;
				CLANG_ANALYZER_LOCALIZABILITY_NONLOCALIZED = YES;
				CLANG_ANALYZER_NONNULL = YES;
				CLANG_ANALYZER_NUMBER_OBJECT_CONVERSION = YES_AGGRESSIVE;
				CLANG_CXX_LANGUAGE_STANDARD = "gnu++14";
				CLANG_CXX_LIBRARY = "libc++";
				CLANG_ENABLE_MODULES = YES;
				CLANG_ENABLE_OBJC_ARC = YES;
				CLANG_ENABLE_OBJC_WEAK = YES;
				CLANG_WARN_BLOCK_CAPTURE_AUTORELEASING = YES;
				CLANG_WARN_BOOL_CONVERSION = YES;
				CLANG_WARN_COMMA = YES;
				CLANG_WARN_CONSTANT_CONVERSION = YES;
				CLANG_WARN_DEPRECATED_OBJC_IMPLEMENTATIONS = YES;
				CLANG_WARN_DIRECT_OBJC_ISA_USAGE = YES_ERROR;
				CLANG_WARN_DOCUMENTATION_COMMENTS = YES;
				CLANG_WARN_EMPTY_BODY = YES;
				CLANG_WARN_ENUM_CONVERSION = YES;
				CLANG_WARN_INFINITE_RECURSION = YES;
				CLANG_WARN_INT_CONVERSION = YES;
				CLANG_WARN_NON_LITERAL_NULL_CONVERSION = YES;
				CLANG_WARN_OBJC_IMPLICIT_RETAIN_SELF = YES;
				CLANG_WARN_OBJC_LITERAL_CONVERSION = YES;
				CLANG_WARN_OBJC_ROOT_CLASS = YES_ERROR;
				CLANG_WARN_QUOTED_INCLUDE_IN_FRAMEWORK_HEADER = YES;
				CLANG_WARN_RANGE_LOOP_ANALYSIS = YES;
				CLANG_WARN_STRICT_PROTOTYPES = YES;
				CLANG_WARN_SUSPICIOUS_MOVE = YES;
				CLANG_WARN_UNGUARDED_AVAILABILITY = YES_AGGRESSIVE;
				CLANG_WARN_UNREACHABLE_CODE = YES;
				CLANG_WARN__DUPLICATE_METHOD_MATCH = YES;
				COPY_PHASE_STRIP = NO;
				DEBUG_INFORMATION_FORMAT = "dwarf-with-dsym";
				ENABLE_NS_ASSERTIONS = NO;
				ENABLE_STRICT_OBJC_MSGSEND = YES;
				GCC_C_LANGUAGE_STANDARD = gnu11;
				GCC_NO_COMMON_BLOCKS = YES;
				GCC_WARN_64_TO_32_BIT_CONVERSION = YES;
				GCC_WARN_ABOUT_RETURN_TYPE = YES_ERROR;
				GCC_WARN_UNDECLARED_SELECTOR = YES;
				GCC_WARN_UNINITIALIZED_AUTOS = YES_AGGRESSIVE;
				GCC_WARN_UNUSED_FUNCTION = YES;
				GCC_WARN_UNUSED_VARIABLE = YES;
				IPHONEOS_DEPLOYMENT_TARGET = 14.0;
				MTL_ENABLE_DEBUG_INFO = NO;
				MTL_FAST_MATH = YES;
				SDKROOT = iphoneos;
				SWIFT_COMPILATION_MODE = wholemodule;
				SWIFT_OPTIMIZATION_LEVEL = "-O";
				TARGETED_DEVICE_FAMILY = "1,2";
				VALIDATE_PRODUCT = YES;
			};
			name = Release;
		};
		68BCD6D02565013200DDE889 /* Debug */ = {
			isa = XCBuildConfiguration;
			buildSettings = {
				ASSETCATALOG_COMPILER_APPICON_NAME = AppIcon;
				ASSETCATALOG_COMPILER_GLOBAL_ACCENT_COLOR_NAME = AccentColor;
				CODE_SIGN_ENTITLEMENTS = Neslis/Neslis.entitlements;
				CODE_SIGN_STYLE = Automatic;
				CURRENT_PROJECT_VERSION = 5;
				DEVELOPMENT_ASSET_PATHS = "\"Neslis/Preview Content\"";
				DEVELOPMENT_TEAM = 7C46924T49;
				ENABLE_PREVIEWS = YES;
				INFOPLIST_FILE = Neslis/Info.plist;
				IPHONEOS_DEPLOYMENT_TARGET = 14.0;
				LD_RUNPATH_SEARCH_PATHS = (
					"$(inherited)",
					"@executable_path/Frameworks",
				);
				PRODUCT_BUNDLE_IDENTIFIER = VSA.NesLis;
				PRODUCT_NAME = "$(TARGET_NAME)";
				SWIFT_VERSION = 5.0;
				TARGETED_DEVICE_FAMILY = "1,2";
			};
			name = Debug;
		};
		68BCD6D12565013200DDE889 /* Release */ = {
			isa = XCBuildConfiguration;
			buildSettings = {
				ASSETCATALOG_COMPILER_APPICON_NAME = AppIcon;
				ASSETCATALOG_COMPILER_GLOBAL_ACCENT_COLOR_NAME = AccentColor;
				CODE_SIGN_ENTITLEMENTS = Neslis/Neslis.entitlements;
				CODE_SIGN_STYLE = Automatic;
				CURRENT_PROJECT_VERSION = 5;
				DEVELOPMENT_ASSET_PATHS = "\"Neslis/Preview Content\"";
				DEVELOPMENT_TEAM = 7C46924T49;
				ENABLE_PREVIEWS = YES;
				INFOPLIST_FILE = Neslis/Info.plist;
				IPHONEOS_DEPLOYMENT_TARGET = 14.0;
				LD_RUNPATH_SEARCH_PATHS = (
					"$(inherited)",
					"@executable_path/Frameworks",
				);
				PRODUCT_BUNDLE_IDENTIFIER = VSA.NesLis;
				PRODUCT_NAME = "$(TARGET_NAME)";
				SWIFT_VERSION = 5.0;
				TARGETED_DEVICE_FAMILY = "1,2";
			};
			name = Release;
		};
/* End XCBuildConfiguration section */

/* Begin XCConfigurationList section */
		68BCD6B32565013000DDE889 /* Build configuration list for PBXProject "Neslis" */ = {
			isa = XCConfigurationList;
			buildConfigurations = (
				68BCD6CD2565013200DDE889 /* Debug */,
				68BCD6CE2565013200DDE889 /* Release */,
			);
			defaultConfigurationIsVisible = 0;
			defaultConfigurationName = Release;
		};
		68BCD6CF2565013200DDE889 /* Build configuration list for PBXNativeTarget "Neslis" */ = {
			isa = XCConfigurationList;
			buildConfigurations = (
				68BCD6D02565013200DDE889 /* Debug */,
				68BCD6D12565013200DDE889 /* Release */,
			);
			defaultConfigurationIsVisible = 0;
			defaultConfigurationName = Release;
		};
/* End XCConfigurationList section */

/* Begin XCVersionGroup section */
		68BCD737256503BE00DDE889 /* Neslis.xcdatamodeld */ = {
			isa = XCVersionGroup;
			children = (
				68BCD738256503BE00DDE889 /* Neslis.xcdatamodel */,
			);
			currentVersion = 68BCD738256503BE00DDE889 /* Neslis.xcdatamodel */;
			name = Neslis.xcdatamodeld;
			path = "../../!Archive/Neslis-SwiftUILifeCycle/Neslis/Neslis.xcdatamodeld";
			sourceTree = "<group>";
			versionGroupType = wrapper.xcdatamodel;
		};
/* End XCVersionGroup section */
	};
	rootObject = 68BCD6B02565013000DDE889 /* Project object */;
}
